
Microsoft Visual Studio Solution File, Format Version 12.00
# Visual Studio 14
VisualStudioVersion = 14.0.25420.1
MinimumVisualStudioVersion = 10.0.40219.1
Project("{FAE04EC0-301F-11D3-BF4B-00C04F79EFBC}") = "News_Appium", "News_Appium\News_Appium.csproj", "{551C3620-E490-419E-9D03-B35B6BE269E7}"
EndProject
Global
	GlobalSection(SolutionConfigurationPlatforms) = preSolution
		Debug|Any CPU = Debug|Any CPU
		Release|Any CPU = Release|Any CPU
	EndGlobalSection
	GlobalSection(ProjectConfigurationPlatforms) = postSolution
		{551C3620-E490-419E-9D03-B35B6BE269E7}.Debug|Any CPU.ActiveCfg = Debug|Any CPU
		{551C3620-E490-419E-9D03-B35B6BE269E7}.Debug|Any CPU.Build.0 = Debug|Any CPU
		{551C3620-E490-419E-9D03-B35B6BE269E7}.Release|Any CPU.ActiveCfg = Release|Any CPU
		{551C3620-E490-419E-9D03-B35B6BE269E7}.Release|Any CPU.Build.0 = Release|Any CPU
	EndGlobalSection
	GlobalSection(SolutionProperties) = preSolution
		HideSolutionNode = FALSE
	EndGlobalSection
EndGlobal
